# @generated by Move, please check-in and do not edit manually.

[move]
version = 3
manifest_digest = "B9D026ABA460DB8FB8E452254878226C4E346A4FE6AD58C01239B4215E5CFCD9"
deps_digest = "F9B494B64F0615AED0E98FC12A85B85ECD2BC5185C22D30E7F67786BB52E507C"
dependencies = [
  { id = "Bridge", name = "Bridge" },
  { id = "MoveStdlib", name = "MoveStdlib" },
  { id = "Sui", name = "Sui" },
  { id = "SuiSystem", name = "SuiSystem" },
]

[[move.package]]
id = "Bridge"
source = { git = "https://github.com/MystenLabs/sui.git", rev = "d75fae3aa7fa3545b5803980a1e0c965b8bbf48e", subdir = "crates/sui-framework/packages/bridge" }

dependencies = [
  { id = "MoveStdlib", name = "MoveStdlib" },
  { id = "Sui", name = "Sui" },
  { id = "SuiSystem", name = "SuiSystem" },
]

[[move.package]]
id = "MoveStdlib"
source = { git = "https://github.com/MystenLabs/sui.git", rev = "d75fae3aa7fa3545b5803980a1e0c965b8bbf48e", subdir = "crates/sui-framework/packages/move-stdlib" }

[[move.package]]
id = "Sui"
source = { git = "https://github.com/MystenLabs/sui.git", rev = "d75fae3aa7fa3545b5803980a1e0c965b8bbf48e", subdir = "crates/sui-framework/packages/sui-framework" }

dependencies = [
  { id = "MoveStdlib", name = "MoveStdlib" },
]

[[move.package]]
id = "SuiSystem"
source = { git = "https://github.com/MystenLabs/sui.git", rev = "d75fae3aa7fa3545b5803980a1e0c965b8bbf48e", subdir = "crates/sui-framework/packages/sui-system" }

dependencies = [
  { id = "MoveStdlib", name = "MoveStdlib" },
  { id = "Sui", name = "Sui" },
]

[move.toolchain-version]
compiler-version = "1.60.0"
edition = "2024.beta"
flavor = "sui"

[env]

[env.devnet]
chain-id = "cffbbc89"
original-published-id = "0x47747f1280f3d5db9d28ffe398c79a0afa31271f46106fed24fb0da76729fcbc"
latest-published-id = "0x47747f1280f3d5db9d28ffe398c79a0afa31271f46106fed24fb0da76729fcbc"
published-version = "1"

[env.testnet]
chain-id = "4c78adac"
original-published-id = "0xe9675b12dea5c5bc885e18ce6343ad55fbc4d76a321151863cdc485f9f10eaf9"
latest-published-id = "0xe9675b12dea5c5bc885e18ce6343ad55fbc4d76a321151863cdc485f9f10eaf9"
published-version = "1"
